
Microsoft Visual Studio Solution File, Format Version 12.00
# Visual Studio Version 17
VisualStudioVersion = 17.6.33717.318
MinimumVisualStudioVersion = 10.0.40219.1
Project("{FAE04EC0-301F-11D3-BF4B-00C04F79EFBC}") = "HMS", "HMS.csproj", "{34D4B74F-F1D1-4A5B-9919-AB316BF8DE38}"
EndProject
Project("{FAE04EC0-301F-11D3-BF4B-00C04F79EFBC}") = "HMS_DataAccess", "..\HMS_DataAccess\HMS_DataAccess.csproj", "{453EED83-BE1B-4FAC-822B-9032DB7306C8}"
EndProject
Project("{FAE04EC0-301F-11D3-BF4B-00C04F79EFBC}") = "HMS_BusinessLogic", "..\HMS_BusinessLogic\HMS_BusinessLogic.csproj", "{907AB271-70DB-4D33-8FF8-0D618D95B57E}"
EndProject
Project("{54435603-DBB4-11D2-8724-00A0C9A8B90C}") = "HMS-Setup", "..\HMS-Setup\HMS-Setup.vdproj", "{94744536-515E-4492-BB8F-DB77B4EC71FC}"
EndProject
Project("{FAE04EC0-301F-11D3-BF4B-00C04F79EFBC}") = "HMS_API", "..\HMS_API\HMS_API.csproj", "{7847F849-B481-41EE-AABA-13CA51371DB8}"
EndProject
Global
	GlobalSection(SolutionConfigurationPlatforms) = preSolution
		Debug|Any CPU = Debug|Any CPU
		Release|Any CPU = Release|Any CPU
	EndGlobalSection
	GlobalSection(ProjectConfigurationPlatforms) = postSolution
		{34D4B74F-F1D1-4A5B-9919-AB316BF8DE38}.Debug|Any CPU.ActiveCfg = Debug|Any CPU
		{34D4B74F-F1D1-4A5B-9919-AB316BF8DE38}.Debug|Any CPU.Build.0 = Debug|Any CPU
		{34D4B74F-F1D1-4A5B-9919-AB316BF8DE38}.Release|Any CPU.ActiveCfg = Release|Any CPU
		{34D4B74F-F1D1-4A5B-9919-AB316BF8DE38}.Release|Any CPU.Build.0 = Release|Any CPU
		{453EED83-BE1B-4FAC-822B-9032DB7306C8}.Debug|Any CPU.ActiveCfg = Debug|Any CPU
		{453EED83-BE1B-4FAC-822B-9032DB7306C8}.Debug|Any CPU.Build.0 = Debug|Any CPU
		{453EED83-BE1B-4FAC-822B-9032DB7306C8}.Release|Any CPU.ActiveCfg = Release|Any CPU
		{453EED83-BE1B-4FAC-822B-9032DB7306C8}.Release|Any CPU.Build.0 = Release|Any CPU
		{907AB271-70DB-4D33-8FF8-0D618D95B57E}.Debug|Any CPU.ActiveCfg = Debug|Any CPU
		{907AB271-70DB-4D33-8FF8-0D618D95B57E}.Debug|Any CPU.Build.0 = Debug|Any CPU
		{907AB271-70DB-4D33-8FF8-0D618D95B57E}.Release|Any CPU.ActiveCfg = Release|Any CPU
		{907AB271-70DB-4D33-8FF8-0D618D95B57E}.Release|Any CPU.Build.0 = Release|Any CPU
		{94744536-515E-4492-BB8F-DB77B4EC71FC}.Debug|Any CPU.ActiveCfg = Debug
		{94744536-515E-4492-BB8F-DB77B4EC71FC}.Release|Any CPU.ActiveCfg = Release
		{7847F849-B481-41EE-AABA-13CA51371DB8}.Debug|Any CPU.ActiveCfg = Debug|Any CPU
		{7847F849-B481-41EE-AABA-13CA51371DB8}.Debug|Any CPU.Build.0 = Debug|Any CPU
		{7847F849-B481-41EE-AABA-13CA51371DB8}.Release|Any CPU.ActiveCfg = Release|Any CPU
		{7847F849-B481-41EE-AABA-13CA51371DB8}.Release|Any CPU.Build.0 = Release|Any CPU
	EndGlobalSection
	GlobalSection(SolutionProperties) = preSolution
		HideSolutionNode = FALSE
	EndGlobalSection
	GlobalSection(ExtensibilityGlobals) = postSolution
		SolutionGuid = {A028A502-D802-4B58-8E30-A012858E69E0}
	EndGlobalSection
EndGlobal
